
Microsoft Visual Studio Solution File, Format Version 12.00
# Visual Studio Version 17
VisualStudioVersion = 17.2.33502.348
MinimumVisualStudioVersion = 10.0.40219.1
Project("{FAE04EC0-301F-11D3-BF4B-00C04F79EFBC}") = "ComplexNumber", "ComplexNumber.csproj", "{B20107EE-4937-42DF-8A80-FFC612396DCF}"
EndProject
Global
	GlobalSection(SolutionConfigurationPlatforms) = preSolution
		Debug|Any CPU = Debug|Any CPU
		Release|Any CPU = Release|Any CPU
	EndGlobalSection
	GlobalSection(ProjectConfigurationPlatforms) = postSolution
		{B20107EE-4937-42DF-8A80-FFC612396DCF}.Debug|Any CPU.ActiveCfg = Debug|Any CPU
		{B20107EE-4937-42DF-8A80-FFC612396DCF}.Debug|Any CPU.Build.0 = Debug|Any CPU
		{B20107EE-4937-42DF-8A80-FFC612396DCF}.Release|Any CPU.ActiveCfg = Release|Any CPU
		{B20107EE-4937-42DF-8A80-FFC612396DCF}.Release|Any CPU.Build.0 = Release|Any CPU
	EndGlobalSection
	GlobalSection(SolutionProperties) = preSolution
		HideSolutionNode = FALSE
	EndGlobalSection
	GlobalSection(ExtensibilityGlobals) = postSolution
		SolutionGuid = {662DA0A9-530A-4CAD-A287-DF8D906D2EC7}
	EndGlobalSection
EndGlobal
